
Microsoft Visual Studio Solution File, Format Version 12.00
# Visual Studio Version 16
VisualStudioVersion = 16.0.29009.5
MinimumVisualStudioVersion = 10.0.40219.1
Project("{FAE04EC0-301F-11D3-BF4B-00C04F79EFBC}") = "ChatXApp.Android", "ChatXApp\ChatXApp.Android\ChatXApp.Android.csproj", "{A984FD4E-7851-473E-BFFF-17C9666D8871}"
EndProject
Project("{9A19103F-16F7-4668-BE54-9A1E7A4F7556}") = "ChatXApp", "ChatXApp\ChatXApp\ChatXApp.csproj", "{F10F5CB5-FE3F-4D90-8272-4F13F376730C}"
EndProject
Global
	GlobalSection(SolutionConfigurationPlatforms) = preSolution
		Debug|Any CPU = Debug|Any CPU
		Debug|iPhone = Debug|iPhone
		Debug|iPhoneSimulator = Debug|iPhoneSimulator
		Release|Any CPU = Release|Any CPU
		Release|iPhone = Release|iPhone
		Release|iPhoneSimulator = Release|iPhoneSimulator
	EndGlobalSection
	GlobalSection(ProjectConfigurationPlatforms) = postSolution
		{A984FD4E-7851-473E-BFFF-17C9666D8871}.Debug|Any CPU.ActiveCfg = Debug|Any CPU
		{A984FD4E-7851-473E-BFFF-17C9666D8871}.Debug|Any CPU.Build.0 = Debug|Any CPU
		{A984FD4E-7851-473E-BFFF-17C9666D8871}.Debug|Any CPU.Deploy.0 = Debug|Any CPU
		{A984FD4E-7851-473E-BFFF-17C9666D8871}.Debug|iPhone.ActiveCfg = Debug|Any CPU
		{A984FD4E-7851-473E-BFFF-17C9666D8871}.Debug|iPhone.Build.0 = Debug|Any CPU
		{A984FD4E-7851-473E-BFFF-17C9666D8871}.Debug|iPhone.Deploy.0 = Debug|Any CPU
		{A984FD4E-7851-473E-BFFF-17C9666D8871}.Debug|iPhoneSimulator.ActiveCfg = Debug|Any CPU
		{A984FD4E-7851-473E-BFFF-17C9666D8871}.Debug|iPhoneSimulator.Build.0 = Debug|Any CPU
		{A984FD4E-7851-473E-BFFF-17C9666D8871}.Debug|iPhoneSimulator.Deploy.0 = Debug|Any CPU
		{A984FD4E-7851-473E-BFFF-17C9666D8871}.Release|Any CPU.ActiveCfg = Release|Any CPU
		{A984FD4E-7851-473E-BFFF-17C9666D8871}.Release|Any CPU.Build.0 = Release|Any CPU
		{A984FD4E-7851-473E-BFFF-17C9666D8871}.Release|Any CPU.Deploy.0 = Release|Any CPU
		{A984FD4E-7851-473E-BFFF-17C9666D8871}.Release|iPhone.ActiveCfg = Release|Any CPU
		{A984FD4E-7851-473E-BFFF-17C9666D8871}.Release|iPhone.Build.0 = Release|Any CPU
		{A984FD4E-7851-473E-BFFF-17C9666D8871}.Release|iPhone.Deploy.0 = Release|Any CPU
		{A984FD4E-7851-473E-BFFF-17C9666D8871}.Release|iPhoneSimulator.ActiveCfg = Release|Any CPU
		{A984FD4E-7851-473E-BFFF-17C9666D8871}.Release|iPhoneSimulator.Build.0 = Release|Any CPU
		{A984FD4E-7851-473E-BFFF-17C9666D8871}.Release|iPhoneSimulator.Deploy.0 = Release|Any CPU
		{F10F5CB5-FE3F-4D90-8272-4F13F376730C}.Debug|Any CPU.ActiveCfg = Debug|Any CPU
		{F10F5CB5-FE3F-4D90-8272-4F13F376730C}.Debug|Any CPU.Build.0 = Debug|Any CPU
		{F10F5CB5-FE3F-4D90-8272-4F13F376730C}.Debug|iPhone.ActiveCfg = Debug|Any CPU
		{F10F5CB5-FE3F-4D90-8272-4F13F376730C}.Debug|iPhone.Build.0 = Debug|Any CPU
		{F10F5CB5-FE3F-4D90-8272-4F13F376730C}.Debug|iPhoneSimulator.ActiveCfg = Debug|Any CPU
		{F10F5CB5-FE3F-4D90-8272-4F13F376730C}.Debug|iPhoneSimulator.Build.0 = Debug|Any CPU
		{F10F5CB5-FE3F-4D90-8272-4F13F376730C}.Release|Any CPU.ActiveCfg = Release|Any CPU
		{F10F5CB5-FE3F-4D90-8272-4F13F376730C}.Release|Any CPU.Build.0 = Release|Any CPU
		{F10F5CB5-FE3F-4D90-8272-4F13F376730C}.Release|iPhone.ActiveCfg = Release|Any CPU
		{F10F5CB5-FE3F-4D90-8272-4F13F376730C}.Release|iPhone.Build.0 = Release|Any CPU
		{F10F5CB5-FE3F-4D90-8272-4F13F376730C}.Release|iPhoneSimulator.ActiveCfg = Release|Any CPU
		{F10F5CB5-FE3F-4D90-8272-4F13F376730C}.Release|iPhoneSimulator.Build.0 = Release|Any CPU
	EndGlobalSection
	GlobalSection(SolutionProperties) = preSolution
		HideSolutionNode = FALSE
	EndGlobalSection
	GlobalSection(ExtensibilityGlobals) = postSolution
		SolutionGuid = {E90328A7-9E0C-4D95-90C4-4846E3CD2364}
	EndGlobalSection
EndGlobal
